
Microsoft Visual Studio Solution File, Format Version 12.00
# Visual Studio Version 17
VisualStudioVersion = 17.5.33516.290
MinimumVisualStudioVersion = 10.0.40219.1
Project("{9A19103F-16F7-4668-BE54-9A1E7A4F7556}") = "h2mLauncher", "h2mLauncher.csproj", "{DC0CA13C-FAAB-4670-B581-1C6428E920B8}"
EndProject
Global
	GlobalSection(SolutionConfigurationPlatforms) = preSolution
		Debug|Any CPU = Debug|Any CPU
		Release|Any CPU = Release|Any CPU
	EndGlobalSection
	GlobalSection(ProjectConfigurationPlatforms) = postSolution
		{DC0CA13C-FAAB-4670-B581-1C6428E920B8}.Debug|Any CPU.ActiveCfg = Debug|Any CPU
		{DC0CA13C-FAAB-4670-B581-1C6428E920B8}.Debug|Any CPU.Build.0 = Debug|Any CPU
		{DC0CA13C-FAAB-4670-B581-1C6428E920B8}.Release|Any CPU.ActiveCfg = Release|Any CPU
		{DC0CA13C-FAAB-4670-B581-1C6428E920B8}.Release|Any CPU.Build.0 = Release|Any CPU
	EndGlobalSection
	GlobalSection(SolutionProperties) = preSolution
		HideSolutionNode = FALSE
	EndGlobalSection
	GlobalSection(ExtensibilityGlobals) = postSolution
		SolutionGuid = {DBE0914C-8D89-498F-A81B-79442692206B}
	EndGlobalSection
EndGlobal
